
Microsoft Visual Studio Solution File, Format Version 12.00
# Visual Studio Version 16
VisualStudioVersion = 16.0.30413.136
MinimumVisualStudioVersion = 10.0.40219.1
Project("{FAE04EC0-301F-11D3-BF4B-00C04F79EFBC}") = "QQ_client", "QQ_client\QQ_client.csproj", "{7AABB700-3859-448E-8061-D463A00F14F1}"
EndProject
Global
	GlobalSection(SolutionConfigurationPlatforms) = preSolution
		Debug|Any CPU = Debug|Any CPU
		Release|Any CPU = Release|Any CPU
	EndGlobalSection
	GlobalSection(ProjectConfigurationPlatforms) = postSolution
		{7AABB700-3859-448E-8061-D463A00F14F1}.Debug|Any CPU.ActiveCfg = Debug|Any CPU
		{7AABB700-3859-448E-8061-D463A00F14F1}.Debug|Any CPU.Build.0 = Debug|Any CPU
		{7AABB700-3859-448E-8061-D463A00F14F1}.Release|Any CPU.ActiveCfg = Release|Any CPU
		{7AABB700-3859-448E-8061-D463A00F14F1}.Release|Any CPU.Build.0 = Release|Any CPU
	EndGlobalSection
	GlobalSection(SolutionProperties) = preSolution
		HideSolutionNode = FALSE
	EndGlobalSection
	GlobalSection(ExtensibilityGlobals) = postSolution
		SolutionGuid = {B8B376D9-306A-4B65-BF61-6DAF389F8428}
	EndGlobalSection
EndGlobal
